
Microsoft Visual Studio Solution File, Format Version 12.00
# Visual Studio Version 17
VisualStudioVersion = 17.2.32516.85
MinimumVisualStudioVersion = 10.0.40219.1
Project("{9A19103F-16F7-4668-BE54-9A1E7A4F7556}") = "Core", "Core\Core.csproj", "{9C43C34C-DB84-4DB5-A827-8F4A1B29FE8D}"
EndProject
Project("{9A19103F-16F7-4668-BE54-9A1E7A4F7556}") = "Core.UI", "Core.UI\Core.UI.csproj", "{E0650CF8-6661-479A-A1B9-88B397F25E5D}"
EndProject
Project("{9A19103F-16F7-4668-BE54-9A1E7A4F7556}") = "PageObjects", "PageObjects\PageObjects.csproj", "{CD537E93-8296-4A4D-B174-9B8350A893BB}"
EndProject
Project("{9A19103F-16F7-4668-BE54-9A1E7A4F7556}") = "Test.UI", "Test.UI\Test.UI.csproj", "{BF211EC1-08AA-4F5C-A3C9-1E77B9639EEA}"
EndProject
Project("{FAE04EC0-301F-11D3-BF4B-00C04F79EFBC}") = "Specflow.BDD.Tests", "Specflow.BDD.Tests\Specflow.BDD.Tests.csproj", "{F62E6941-32F8-4DB4-AAF1-DE40ED4E9B0B}"
EndProject
Global
	GlobalSection(SolutionConfigurationPlatforms) = preSolution
		Debug|Any CPU = Debug|Any CPU
		Release|Any CPU = Release|Any CPU
	EndGlobalSection
	GlobalSection(ProjectConfigurationPlatforms) = postSolution
		{9C43C34C-DB84-4DB5-A827-8F4A1B29FE8D}.Debug|Any CPU.ActiveCfg = Debug|Any CPU
		{9C43C34C-DB84-4DB5-A827-8F4A1B29FE8D}.Debug|Any CPU.Build.0 = Debug|Any CPU
		{9C43C34C-DB84-4DB5-A827-8F4A1B29FE8D}.Release|Any CPU.ActiveCfg = Release|Any CPU
		{9C43C34C-DB84-4DB5-A827-8F4A1B29FE8D}.Release|Any CPU.Build.0 = Release|Any CPU
		{E0650CF8-6661-479A-A1B9-88B397F25E5D}.Debug|Any CPU.ActiveCfg = Debug|Any CPU
		{E0650CF8-6661-479A-A1B9-88B397F25E5D}.Debug|Any CPU.Build.0 = Debug|Any CPU
		{E0650CF8-6661-479A-A1B9-88B397F25E5D}.Release|Any CPU.ActiveCfg = Release|Any CPU
		{E0650CF8-6661-479A-A1B9-88B397F25E5D}.Release|Any CPU.Build.0 = Release|Any CPU
		{CD537E93-8296-4A4D-B174-9B8350A893BB}.Debug|Any CPU.ActiveCfg = Debug|Any CPU
		{CD537E93-8296-4A4D-B174-9B8350A893BB}.Debug|Any CPU.Build.0 = Debug|Any CPU
		{CD537E93-8296-4A4D-B174-9B8350A893BB}.Release|Any CPU.ActiveCfg = Release|Any CPU
		{CD537E93-8296-4A4D-B174-9B8350A893BB}.Release|Any CPU.Build.0 = Release|Any CPU
		{BF211EC1-08AA-4F5C-A3C9-1E77B9639EEA}.Debug|Any CPU.ActiveCfg = Debug|Any CPU
		{BF211EC1-08AA-4F5C-A3C9-1E77B9639EEA}.Debug|Any CPU.Build.0 = Debug|Any CPU
		{BF211EC1-08AA-4F5C-A3C9-1E77B9639EEA}.Release|Any CPU.ActiveCfg = Release|Any CPU
		{BF211EC1-08AA-4F5C-A3C9-1E77B9639EEA}.Release|Any CPU.Build.0 = Release|Any CPU
		{F62E6941-32F8-4DB4-AAF1-DE40ED4E9B0B}.Debug|Any CPU.ActiveCfg = Debug|Any CPU
		{F62E6941-32F8-4DB4-AAF1-DE40ED4E9B0B}.Debug|Any CPU.Build.0 = Debug|Any CPU
		{F62E6941-32F8-4DB4-AAF1-DE40ED4E9B0B}.Release|Any CPU.ActiveCfg = Release|Any CPU
		{F62E6941-32F8-4DB4-AAF1-DE40ED4E9B0B}.Release|Any CPU.Build.0 = Release|Any CPU
	EndGlobalSection
	GlobalSection(SolutionProperties) = preSolution
		HideSolutionNode = FALSE
	EndGlobalSection
	GlobalSection(ExtensibilityGlobals) = postSolution
		SolutionGuid = {8BB2E171-0F55-40CB-897A-FE1B07C3421F}
	EndGlobalSection
EndGlobal
